
Microsoft Visual Studio Solution File, Format Version 12.00
# Visual Studio 14
VisualStudioVersion = 14.0.25420.1
MinimumVisualStudioVersion = 10.0.40219.1
Project("{FAE04EC0-301F-11D3-BF4B-00C04F79EFBC}") = "Server", "Server\Server.csproj", "{018DA248-0CA1-4AEF-9F38-9514FBE017A3}"
EndProject
Project("{FAE04EC0-301F-11D3-BF4B-00C04F79EFBC}") = "AsyncTest", "AsyncTest\AsyncTest.csproj", "{7E3B68F5-ED4E-4599-AC98-FBB1E04F6BA6}"
EndProject
Project("{FAE04EC0-301F-11D3-BF4B-00C04F79EFBC}") = "ServerConsole", "ServerConsole\ServerConsole.csproj", "{FDC717C0-6E75-4CDA-81FA-6013970402AE}"
EndProject
Project("{FAE04EC0-301F-11D3-BF4B-00C04F79EFBC}") = "ClientConsole", "ClientConsole\ClientConsole.csproj", "{B5738CFF-F314-415A-80DE-01B67D6EB85E}"
EndProject
Global
	GlobalSection(SubversionScc) = preSolution
		Svn-Managed = True
		Manager = AnkhSVN - Subversion Support for Visual Studio
	EndGlobalSection
	GlobalSection(SolutionConfigurationPlatforms) = preSolution
		Debug|Any CPU = Debug|Any CPU
		Debug|x86 = Debug|x86
		Release|Any CPU = Release|Any CPU
		Release|x86 = Release|x86
	EndGlobalSection
	GlobalSection(ProjectConfigurationPlatforms) = postSolution
		{018DA248-0CA1-4AEF-9F38-9514FBE017A3}.Debug|Any CPU.ActiveCfg = Debug|Any CPU
		{018DA248-0CA1-4AEF-9F38-9514FBE017A3}.Debug|Any CPU.Build.0 = Debug|Any CPU
		{018DA248-0CA1-4AEF-9F38-9514FBE017A3}.Debug|x86.ActiveCfg = Debug|Any CPU
		{018DA248-0CA1-4AEF-9F38-9514FBE017A3}.Debug|x86.Build.0 = Debug|Any CPU
		{018DA248-0CA1-4AEF-9F38-9514FBE017A3}.Release|Any CPU.ActiveCfg = Release|Any CPU
		{018DA248-0CA1-4AEF-9F38-9514FBE017A3}.Release|Any CPU.Build.0 = Release|Any CPU
		{018DA248-0CA1-4AEF-9F38-9514FBE017A3}.Release|x86.ActiveCfg = Release|Any CPU
		{018DA248-0CA1-4AEF-9F38-9514FBE017A3}.Release|x86.Build.0 = Release|Any CPU
		{7E3B68F5-ED4E-4599-AC98-FBB1E04F6BA6}.Debug|Any CPU.ActiveCfg = Debug|Any CPU
		{7E3B68F5-ED4E-4599-AC98-FBB1E04F6BA6}.Debug|Any CPU.Build.0 = Debug|Any CPU
		{7E3B68F5-ED4E-4599-AC98-FBB1E04F6BA6}.Debug|x86.ActiveCfg = Debug|Any CPU
		{7E3B68F5-ED4E-4599-AC98-FBB1E04F6BA6}.Debug|x86.Build.0 = Debug|Any CPU
		{7E3B68F5-ED4E-4599-AC98-FBB1E04F6BA6}.Release|Any CPU.ActiveCfg = Release|Any CPU
		{7E3B68F5-ED4E-4599-AC98-FBB1E04F6BA6}.Release|Any CPU.Build.0 = Release|Any CPU
		{7E3B68F5-ED4E-4599-AC98-FBB1E04F6BA6}.Release|x86.ActiveCfg = Release|Any CPU
		{7E3B68F5-ED4E-4599-AC98-FBB1E04F6BA6}.Release|x86.Build.0 = Release|Any CPU
		{FDC717C0-6E75-4CDA-81FA-6013970402AE}.Debug|Any CPU.ActiveCfg = Debug|Any CPU
		{FDC717C0-6E75-4CDA-81FA-6013970402AE}.Debug|Any CPU.Build.0 = Debug|Any CPU
		{FDC717C0-6E75-4CDA-81FA-6013970402AE}.Debug|x86.ActiveCfg = Debug|Any CPU
		{FDC717C0-6E75-4CDA-81FA-6013970402AE}.Debug|x86.Build.0 = Debug|Any CPU
		{FDC717C0-6E75-4CDA-81FA-6013970402AE}.Release|Any CPU.ActiveCfg = Release|Any CPU
		{FDC717C0-6E75-4CDA-81FA-6013970402AE}.Release|Any CPU.Build.0 = Release|Any CPU
		{FDC717C0-6E75-4CDA-81FA-6013970402AE}.Release|x86.ActiveCfg = Release|Any CPU
		{FDC717C0-6E75-4CDA-81FA-6013970402AE}.Release|x86.Build.0 = Release|Any CPU
		{B5738CFF-F314-415A-80DE-01B67D6EB85E}.Debug|Any CPU.ActiveCfg = Debug|Any CPU
		{B5738CFF-F314-415A-80DE-01B67D6EB85E}.Debug|Any CPU.Build.0 = Debug|Any CPU
		{B5738CFF-F314-415A-80DE-01B67D6EB85E}.Debug|x86.ActiveCfg = Debug|Any CPU
		{B5738CFF-F314-415A-80DE-01B67D6EB85E}.Debug|x86.Build.0 = Debug|Any CPU
		{B5738CFF-F314-415A-80DE-01B67D6EB85E}.Release|Any CPU.ActiveCfg = Release|Any CPU
		{B5738CFF-F314-415A-80DE-01B67D6EB85E}.Release|Any CPU.Build.0 = Release|Any CPU
		{B5738CFF-F314-415A-80DE-01B67D6EB85E}.Release|x86.ActiveCfg = Release|Any CPU
		{B5738CFF-F314-415A-80DE-01B67D6EB85E}.Release|x86.Build.0 = Release|Any CPU
	EndGlobalSection
	GlobalSection(SolutionProperties) = preSolution
		HideSolutionNode = FALSE
	EndGlobalSection
EndGlobal
